PODS:
  - libsodium (0.4.2)
  - SSKeychain (0.1.4)

DEPENDENCIES:
  - libsodium (from `./Podspecs/`)
  - SSKeychain (~> 0.1.4)

EXTERNAL SOURCES:
  libsodium:
    :podspec: ./Podspecs/

SPEC CHECKSUMS:
  libsodium: 1f94c3c85f29a0937cb1e9c175a7ed0c9b2a458f
  SSKeychain: bae692a4354f48691ca3463a121dc8060f781a7d

COCOAPODS: 0.22.3
