// !$*UTF8*$!
{
	archiveVersion = 1;
	classes = {
	};
	objectVersion = 46;
	objects = {

/* Begin PBXBuildFile section */
		098CCCEA1DC94F44A2D6CFFA /* libPods.a in Frameworks */ = {isa = PBXBuildFile; fileRef = 19AEB1446C6744D3B3722C66 /* libPods.a */; };
		652551BF17AE047400C1FC5B /* Defaults.plist in Resources */ = {isa = PBXBuildFile; fileRef = 652551BE17AE047400C1FC5B /* Defaults.plist */; };
		652551C117AE098F00C1FC5B /* online.png in Resources */ = {isa = PBXBuildFile; fileRef = 652551C017AE098F00C1FC5B /* online.png */; };
		652551C317AE09D300C1FC5B /* busy.png in Resources */ = {isa = PBXBuildFile; fileRef = 652551C217AE09D300C1FC5B /* busy.png */; };
		652551C517AE0A2100C1FC5B /* offline.png in Resources */ = {isa = PBXBuildFile; fileRef = 652551C417AE0A2100C1FC5B /* offline.png */; };
		654FE9AC17C96F3300E649B3 /* DHT.c in Sources */ = {isa = PBXBuildFile; fileRef = 654FE99717C96F3300E649B3 /* DHT.c */; };
		654FE9AD17C96F3300E649B3 /* DHT.c in Sources */ = {isa = PBXBuildFile; fileRef = 654FE99717C96F3300E649B3 /* DHT.c */; };
		654FE9AE17C96F3300E649B3 /* friend_requests.c in Sources */ = {isa = PBXBuildFile; fileRef = 654FE99917C96F3300E649B3 /* friend_requests.c */; };
		654FE9AF17C96F3300E649B3 /* friend_requests.c in Sources */ = {isa = PBXBuildFile; fileRef = 654FE99917C96F3300E649B3 /* friend_requests.c */; };
		654FE9B017C96F3300E649B3 /* LAN_discovery.c in Sources */ = {isa = PBXBuildFile; fileRef = 654FE99B17C96F3300E649B3 /* LAN_discovery.c */; };
		654FE9B117C96F3300E649B3 /* LAN_discovery.c in Sources */ = {isa = PBXBuildFile; fileRef = 654FE99B17C96F3300E649B3 /* LAN_discovery.c */; };
		654FE9B217C96F3300E649B3 /* Lossless_UDP.c in Sources */ = {isa = PBXBuildFile; fileRef = 654FE99D17C96F3300E649B3 /* Lossless_UDP.c */; };
		654FE9B317C96F3300E649B3 /* Lossless_UDP.c in Sources */ = {isa = PBXBuildFile; fileRef = 654FE99D17C96F3300E649B3 /* Lossless_UDP.c */; };
		654FE9B417C96F3300E649B3 /* Messenger.c in Sources */ = {isa = PBXBuildFile; fileRef = 654FE99F17C96F3300E649B3 /* Messenger.c */; };
		654FE9B517C96F3300E649B3 /* Messenger.c in Sources */ = {isa = PBXBuildFile; fileRef = 654FE99F17C96F3300E649B3 /* Messenger.c */; };
		654FE9B617C96F3300E649B3 /* net_crypto.c in Sources */ = {isa = PBXBuildFile; fileRef = 654FE9A117C96F3300E649B3 /* net_crypto.c */; };
		654FE9B717C96F3300E649B3 /* net_crypto.c in Sources */ = {isa = PBXBuildFile; fileRef = 654FE9A117C96F3300E649B3 /* net_crypto.c */; };
		654FE9B817C96F3300E649B3 /* network.c in Sources */ = {isa = PBXBuildFile; fileRef = 654FE9A317C96F3300E649B3 /* network.c */; };
		654FE9B917C96F3300E649B3 /* network.c in Sources */ = {isa = PBXBuildFile; fileRef = 654FE9A317C96F3300E649B3 /* network.c */; };
		654FE9BA17C96F3300E649B3 /* ping.c in Sources */ = {isa = PBXBuildFile; fileRef = 654FE9A617C96F3300E649B3 /* ping.c */; };
		654FE9BB17C96F3300E649B3 /* ping.c in Sources */ = {isa = PBXBuildFile; fileRef = 654FE9A617C96F3300E649B3 /* ping.c */; };
		654FE9BC17C96F3300E649B3 /* tox.c in Sources */ = {isa = PBXBuildFile; fileRef = 654FE9A817C96F3300E649B3 /* tox.c */; };
		654FE9BD17C96F3300E649B3 /* tox.c in Sources */ = {isa = PBXBuildFile; fileRef = 654FE9A817C96F3300E649B3 /* tox.c */; };
		654FE9BE17C96F3300E649B3 /* util.c in Sources */ = {isa = PBXBuildFile; fileRef = 654FE9AA17C96F3300E649B3 /* util.c */; };
		654FE9BF17C96F3300E649B3 /* util.c in Sources */ = {isa = PBXBuildFile; fileRef = 654FE9AA17C96F3300E649B3 /* util.c */; };
		6589008417B12760002E9CA9 /* away.png in Resources */ = {isa = PBXBuildFile; fileRef = 6589008317B12760002E9CA9 /* away.png */; };
		658D6DBE17AFCABF003F053F /* WebKit.framework in Frameworks */ = {isa = PBXBuildFile; fileRef = 658D6DBD17AFCABF003F053F /* WebKit.framework */; };
		658D6DC017AFCC14003F053F /* conversation.html in Resources */ = {isa = PBXBuildFile; fileRef = 658D6DBF17AFCC14003F053F /* conversation.html */; };
		658D6DC417AFCC59003F053F /* conversation.css in Resources */ = {isa = PBXBuildFile; fileRef = 658D6DC317AFCC59003F053F /* conversation.css */; };
		658D6DC517AFD0ED003F053F /* conversation.js in Resources */ = {isa = PBXBuildFile; fileRef = 658D6DC117AFCC48003F053F /* conversation.js */; };
		65C1275317A75A2300F085EE /* Cocoa.framework in Frameworks */ = {isa = PBXBuildFile; fileRef = 65C1275217A75A2300F085EE /* Cocoa.framework */; };
		65C1275D17A75A2300F085EE /* InfoPlist.strings in Resources */ = {isa = PBXBuildFile; fileRef = 65C1275B17A75A2300F085EE /* InfoPlist.strings */; };
		65C1275F17A75A2300F085EE /* main.m in Sources */ = {isa = PBXBuildFile; fileRef = 65C1275E17A75A2300F085EE /* main.m */; };
		65C1276317A75A2300F085EE /* Credits.rtf in Resources */ = {isa = PBXBuildFile; fileRef = 65C1276117A75A2300F085EE /* Credits.rtf */; };
		65C1276617A75A2300F085EE /* TAppDelegate.m in Sources */ = {isa = PBXBuildFile; fileRef = 65C1276517A75A2300F085EE /* TAppDelegate.m */; };
		65C1276917A75A2300F085EE /* MainMenu.xib in Resources */ = {isa = PBXBuildFile; fileRef = 65C1276717A75A2300F085EE /* MainMenu.xib */; };
		65C1277117A75A2300F085EE /* SenTestingKit.framework in Frameworks */ = {isa = PBXBuildFile; fileRef = 65C1277017A75A2300F085EE /* SenTestingKit.framework */; };
		65C1277217A75A2300F085EE /* Cocoa.framework in Frameworks */ = {isa = PBXBuildFile; fileRef = 65C1275217A75A2300F085EE /* Cocoa.framework */; };
		65C1277A17A75A2300F085EE /* InfoPlist.strings in Resources */ = {isa = PBXBuildFile; fileRef = 65C1277817A75A2300F085EE /* InfoPlist.strings */; };
		65C1277D17A75A2300F085EE /* TOXTests.m in Sources */ = {isa = PBXBuildFile; fileRef = 65C1277C17A75A2300F085EE /* TOXTests.m */; };
		65E3E7F417AA8018000EB29B /* nTox.c in Sources */ = {isa = PBXBuildFile; fileRef = 65E3E7F217AA8018000EB29B /* nTox.c */; };
		65E3E7FC17AA8039000EB29B /* libPods.a in Frameworks */ = {isa = PBXBuildFile; fileRef = 19AEB1446C6744D3B3722C66 /* libPods.a */; };
		65E3E80017AA80DE000EB29B /* misc_tools.c in Sources */ = {isa = PBXBuildFile; fileRef = 65E3E7FE17AA80DE000EB29B /* misc_tools.c */; };
		65E3E80217AA8135000EB29B /* libncurses.dylib in Frameworks */ = {isa = PBXBuildFile; fileRef = 65E3E80117AA8135000EB29B /* libncurses.dylib */; };
		65E3E82817ABC99F000EB29B /* ToxCore.m in Sources */ = {isa = PBXBuildFile; fileRef = 65E3E82717ABC99F000EB29B /* ToxCore.m */; };
		65E3E83017ABDE70000EB29B /* tox.icns in Resources */ = {isa = PBXBuildFile; fileRef = 65E3E82F17ABDE70000EB29B /* tox.icns */; };
		65E3E83417AC9CEB000EB29B /* ToxFriendRequestWindowController.m in Sources */ = {isa = PBXBuildFile; fileRef = 65E3E83217AC9CEB000EB29B /* ToxFriendRequestWindowController.m */; };
		65E3E83517AC9CEB000EB29B /* ToxFriendRequest.xib in Resources */ = {isa = PBXBuildFile; fileRef = 65E3E83317AC9CEB000EB29B /* ToxFriendRequest.xib */; };
		65E3E83917ADC29C000EB29B /* ToxController.m in Sources */ = {isa = PBXBuildFile; fileRef = 65E3E83817ADC29C000EB29B /* ToxController.m */; };
		65E3E83C17ADCD68000EB29B /* ToxFriend.m in Sources */ = {isa = PBXBuildFile; fileRef = 65E3E83B17ADCD68000EB29B /* ToxFriend.m */; };
		65E3E84017AE1D41000EB29B /* ToxWelcomeWindowController.m in Sources */ = {isa = PBXBuildFile; fileRef = 65E3E83E17AE1D41000EB29B /* ToxWelcomeWindowController.m */; };
		65E3E84117AE1D41000EB29B /* ToxWelcomeWindow.xib in Resources */ = {isa = PBXBuildFile; fileRef = 65E3E83F17AE1D41000EB29B /* ToxWelcomeWindow.xib */; };
		65E3E84517AE2D06000EB29B /* ToxConversationWindowController.m in Sources */ = {isa = PBXBuildFile; fileRef = 65E3E84317AE2D05000EB29B /* ToxConversationWindowController.m */; };
		65E3E84617AE2D06000EB29B /* ToxConversationWindow.xib in Resources */ = {isa = PBXBuildFile; fileRef = 65E3E84417AE2D05000EB29B /* ToxConversationWindow.xib */; };
		65FF091C17B2232A00FA7877 /* emojify.min.css in Resources */ = {isa = PBXBuildFile; fileRef = 65FF091A17B2232A00FA7877 /* emojify.min.css */; };
		65FF091E17B2234D00FA7877 /* emojify.min.js in Resources */ = {isa = PBXBuildFile; fileRef = 65FF091B17B2232A00FA7877 /* emojify.min.js */; };
/* End PBXBuildFile section */

/* Begin PBXContainerItemProxy section */
		65C1277317A75A2300F085EE /* PBXContainerItemProxy */ = {
			isa = PBXContainerItemProxy;
			containerPortal = 65C1274717A75A2300F085EE /* Project object */;
			proxyType = 1;
			remoteGlobalIDString = 65C1274E17A75A2300F085EE;
			remoteInfo = TOX;
		};
/* End PBXContainerItemProxy section */

/* Begin PBXCopyFilesBuildPhase section */
		65E3E7E717AA7FEB000EB29B /* CopyFiles */ = {
			isa = PBXCopyFilesBuildPhase;
			buildActionMask = 2147483647;
			dstPath = /usr/share/man/man1/;
			dstSubfolderSpec = 0;
			files = (
			);
			runOnlyForDeploymentPostprocessing = 1;
		};
/* End PBXCopyFilesBuildPhase section */

/* Begin PBXFileReference section */
		19AEB1446C6744D3B3722C66 /* libPods.a */ = {isa = PBXFileReference; explicitFileType = archive.ar; includeInIndex = 0; path = libPods.a; sourceTree = BUILT_PRODUCTS_DIR; };
		652551BE17AE047400C1FC5B /* Defaults.plist */ = {isa = PBXFileReference; fileEncoding = 4; lastKnownFileType = text.plist.xml; path = Defaults.plist; sourceTree = "<group>"; };
		652551C017AE098F00C1FC5B /* online.png */ = {isa = PBXFileReference; lastKnownFileType = image.png; path = online.png; sourceTree = "<group>"; };
		652551C217AE09D300C1FC5B /* busy.png */ = {isa = PBXFileReference; lastKnownFileType = image.png; path = busy.png; sourceTree = "<group>"; };
		652551C417AE0A2100C1FC5B /* offline.png */ = {isa = PBXFileReference; lastKnownFileType = image.png; path = offline.png; sourceTree = "<group>"; };
		654FE99717C96F3300E649B3 /* DHT.c */ = {isa = PBXFileReference; fileEncoding = 4; lastKnownFileType = sourcecode.c.c; name = DHT.c; path = "ProjectTox-Core/toxcore/DHT.c"; sourceTree = "<group>"; };
		654FE99817C96F3300E649B3 /* DHT.h */ = {isa = PBXFileReference; fileEncoding = 4; lastKnownFileType = sourcecode.c.h; name = DHT.h; path = "ProjectTox-Core/toxcore/DHT.h"; sourceTree = "<group>"; };
		654FE99917C96F3300E649B3 /* friend_requests.c */ = {isa = PBXFileReference; fileEncoding = 4; lastKnownFileType = sourcecode.c.c; name = friend_requests.c; path = "ProjectTox-Core/toxcore/friend_requests.c"; sourceTree = "<group>"; };
		654FE99A17C96F3300E649B3 /* friend_requests.h */ = {isa = PBXFileReference; fileEncoding = 4; lastKnownFileType = sourcecode.c.h; name = friend_requests.h; path = "ProjectTox-Core/toxcore/friend_requests.h"; sourceTree = "<group>"; };
		654FE99B17C96F3300E649B3 /* LAN_discovery.c */ = {isa = PBXFileReference; fileEncoding = 4; lastKnownFileType = sourcecode.c.c; name = LAN_discovery.c; path = "ProjectTox-Core/toxcore/LAN_discovery.c"; sourceTree = "<group>"; };
		654FE99C17C96F3300E649B3 /* LAN_discovery.h */ = {isa = PBXFileReference; fileEncoding = 4; lastKnownFileType = sourcecode.c.h; name = LAN_discovery.h; path = "ProjectTox-Core/toxcore/LAN_discovery.h"; sourceTree = "<group>"; };
		654FE99D17C96F3300E649B3 /* Lossless_UDP.c */ = {isa = PBXFileReference; fileEncoding = 4; lastKnownFileType = sourcecode.c.c; name = Lossless_UDP.c; path = "ProjectTox-Core/toxcore/Lossless_UDP.c"; sourceTree = "<group>"; };
		654FE99E17C96F3300E649B3 /* Lossless_UDP.h */ = {isa = PBXFileReference; fileEncoding = 4; lastKnownFileType = sourcecode.c.h; name = Lossless_UDP.h; path = "ProjectTox-Core/toxcore/Lossless_UDP.h"; sourceTree = "<group>"; };
		654FE99F17C96F3300E649B3 /* Messenger.c */ = {isa = PBXFileReference; fileEncoding = 4; lastKnownFileType = sourcecode.c.c; name = Messenger.c; path = "ProjectTox-Core/toxcore/Messenger.c"; sourceTree = "<group>"; };
		654FE9A017C96F3300E649B3 /* Messenger.h */ = {isa = PBXFileReference; fileEncoding = 4; lastKnownFileType = sourcecode.c.h; name = Messenger.h; path = "ProjectTox-Core/toxcore/Messenger.h"; sourceTree = "<group>"; };
		654FE9A117C96F3300E649B3 /* net_crypto.c */ = {isa = PBXFileReference; fileEncoding = 4; lastKnownFileType = sourcecode.c.c; name = net_crypto.c; path = "ProjectTox-Core/toxcore/net_crypto.c"; sourceTree = "<group>"; };
		654FE9A217C96F3300E649B3 /* net_crypto.h */ = {isa = PBXFileReference; fileEncoding = 4; lastKnownFileType = sourcecode.c.h; name = net_crypto.h; path = "ProjectTox-Core/toxcore/net_crypto.h"; sourceTree = "<group>"; };
		654FE9A317C96F3300E649B3 /* network.c */ = {isa = PBXFileReference; fileEncoding = 4; lastKnownFileType = sourcecode.c.c; name = network.c; path = "ProjectTox-Core/toxcore/network.c"; sourceTree = "<group>"; };
		654FE9A417C96F3300E649B3 /* network.h */ = {isa = PBXFileReference; fileEncoding = 4; lastKnownFileType = sourcecode.c.h; name = network.h; path = "ProjectTox-Core/toxcore/network.h"; sourceTree = "<group>"; };
		654FE9A517C96F3300E649B3 /* packets.h */ = {isa = PBXFileReference; fileEncoding = 4; lastKnownFileType = sourcecode.c.h; name = packets.h; path = "ProjectTox-Core/toxcore/packets.h"; sourceTree = "<group>"; };
		654FE9A617C96F3300E649B3 /* ping.c */ = {isa = PBXFileReference; fileEncoding = 4; lastKnownFileType = sourcecode.c.c; name = ping.c; path = "ProjectTox-Core/toxcore/ping.c"; sourceTree = "<group>"; };
		654FE9A717C96F3300E649B3 /* ping.h */ = {isa = PBXFileReference; fileEncoding = 4; lastKnownFileType = sourcecode.c.h; name = ping.h; path = "ProjectTox-Core/toxcore/ping.h"; sourceTree = "<group>"; };
		654FE9A817C96F3300E649B3 /* tox.c */ = {isa = PBXFileReference; fileEncoding = 4; lastKnownFileType = sourcecode.c.c; name = tox.c; path = "ProjectTox-Core/toxcore/tox.c"; sourceTree = "<group>"; };
		654FE9A917C96F3300E649B3 /* tox.h */ = {isa = PBXFileReference; fileEncoding = 4; lastKnownFileType = sourcecode.c.h; name = tox.h; path = "ProjectTox-Core/toxcore/tox.h"; sourceTree = "<group>"; };
		654FE9AA17C96F3300E649B3 /* util.c */ = {isa = PBXFileReference; fileEncoding = 4; lastKnownFileType = sourcecode.c.c; name = util.c; path = "ProjectTox-Core/toxcore/util.c"; sourceTree = "<group>"; };
		654FE9AB17C96F3300E649B3 /* util.h */ = {isa = PBXFileReference; fileEncoding = 4; lastKnownFileType = sourcecode.c.h; name = util.h; path = "ProjectTox-Core/toxcore/util.h"; sourceTree = "<group>"; };
		6589008317B12760002E9CA9 /* away.png */ = {isa = PBXFileReference; lastKnownFileType = image.png; path = away.png; sourceTree = "<group>"; };
		658D6DBD17AFCABF003F053F /* WebKit.framework */ = {isa = PBXFileReference; lastKnownFileType = wrapper.framework; name = WebKit.framework; path = System/Library/Frameworks/WebKit.framework; sourceTree = SDKROOT; };
		658D6DBF17AFCC14003F053F /* conversation.html */ = {isa = PBXFileReference; fileEncoding = 4; lastKnownFileType = text.html; path = conversation.html; sourceTree = "<group>"; };
		658D6DC117AFCC48003F053F /* conversation.js */ = {isa = PBXFileReference; fileEncoding = 4; lastKnownFileType = sourcecode.javascript; path = conversation.js; sourceTree = "<group>"; };
		658D6DC317AFCC59003F053F /* conversation.css */ = {isa = PBXFileReference; fileEncoding = 4; lastKnownFileType = text.css; path = conversation.css; sourceTree = "<group>"; };
		65C1274F17A75A2300F085EE /* Bane.app */ = {isa = PBXFileReference; explicitFileType = wrapper.application; includeInIndex = 0; path = Bane.app; sourceTree = BUILT_PRODUCTS_DIR; };
		65C1275217A75A2300F085EE /* Cocoa.framework */ = {isa = PBXFileReference; lastKnownFileType = wrapper.framework; name = Cocoa.framework; path = System/Library/Frameworks/Cocoa.framework; sourceTree = SDKROOT; };
		65C1275517A75A2300F085EE /* AppKit.framework */ = {isa = PBXFileReference; lastKnownFileType = wrapper.framework; name = AppKit.framework; path = System/Library/Frameworks/AppKit.framework; sourceTree = SDKROOT; };
		65C1275617A75A2300F085EE /* CoreData.framework */ = {isa = PBXFileReference; lastKnownFileType = wrapper.framework; name = CoreData.framework; path = System/Library/Frameworks/CoreData.framework; sourceTree = SDKROOT; };
		65C1275717A75A2300F085EE /* Foundation.framework */ = {isa = PBXFileReference; lastKnownFileType = wrapper.framework; name = Foundation.framework; path = System/Library/Frameworks/Foundation.framework; sourceTree = SDKROOT; };
		65C1275A17A75A2300F085EE /* Bane-Info.plist */ = {isa = PBXFileReference; lastKnownFileType = text.plist.xml; path = "Bane-Info.plist"; sourceTree = "<group>"; };
		65C1275C17A75A2300F085EE /* en */ = {isa = PBXFileReference; lastKnownFileType = text.plist.strings; name = en; path = en.lproj/InfoPlist.strings; sourceTree = "<group>"; };
		65C1275E17A75A2300F085EE /* main.m */ = {isa = PBXFileReference; lastKnownFileType = sourcecode.c.objc; path = main.m; sourceTree = "<group>"; };
		65C1276017A75A2300F085EE /* Bane-Prefix.pch */ = {isa = PBXFileReference; lastKnownFileType = sourcecode.c.h; path = "Bane-Prefix.pch"; sourceTree = "<group>"; };
		65C1276217A75A2300F085EE /* en */ = {isa = PBXFileReference; lastKnownFileType = text.rtf; name = en; path = en.lproj/Credits.rtf; sourceTree = "<group>"; };
		65C1276417A75A2300F085EE /* TAppDelegate.h */ = {isa = PBXFileReference; lastKnownFileType = sourcecode.c.h; path = TAppDelegate.h; sourceTree = "<group>"; };
		65C1276517A75A2300F085EE /* TAppDelegate.m */ = {isa = PBXFileReference; lastKnownFileType = sourcecode.c.objc; path = TAppDelegate.m; sourceTree = "<group>"; };
		65C1276817A75A2300F085EE /* en */ = {isa = PBXFileReference; lastKnownFileType = file.xib; name = en; path = en.lproj/MainMenu.xib; sourceTree = "<group>"; };
		65C1276F17A75A2300F085EE /* BaneTests.octest */ = {isa = PBXFileReference; explicitFileType = wrapper.cfbundle; includeInIndex = 0; path = BaneTests.octest; sourceTree = BUILT_PRODUCTS_DIR; };
		65C1277017A75A2300F085EE /* SenTestingKit.framework */ = {isa = PBXFileReference; lastKnownFileType = wrapper.framework; name = SenTestingKit.framework; path = Library/Frameworks/SenTestingKit.framework; sourceTree = DEVELOPER_DIR; };
		65C1277717A75A2300F085EE /* BaneTests-Info.plist */ = {isa = PBXFileReference; lastKnownFileType = text.plist.xml; path = "BaneTests-Info.plist"; sourceTree = "<group>"; };
		65C1277917A75A2300F085EE /* en */ = {isa = PBXFileReference; lastKnownFileType = text.plist.strings; name = en; path = en.lproj/InfoPlist.strings; sourceTree = "<group>"; };
		65C1277B17A75A2300F085EE /* TOXTests.h */ = {isa = PBXFileReference; lastKnownFileType = sourcecode.c.h; path = TOXTests.h; sourceTree = "<group>"; };
		65C1277C17A75A2300F085EE /* TOXTests.m */ = {isa = PBXFileReference; lastKnownFileType = sourcecode.c.objc; path = TOXTests.m; sourceTree = "<group>"; };
		65E3E7E917AA7FEB000EB29B /* nTox */ = {isa = PBXFileReference; explicitFileType = "compiled.mach-o.executable"; includeInIndex = 0; path = nTox; sourceTree = BUILT_PRODUCTS_DIR; };
		65E3E7F217AA8018000EB29B /* nTox.c */ = {isa = PBXFileReference; fileEncoding = 4; lastKnownFileType = sourcecode.c.c; name = nTox.c; path = "ProjectTox-Core/testing/nTox.c"; sourceTree = SOURCE_ROOT; };
		65E3E7F317AA8018000EB29B /* nTox.h */ = {isa = PBXFileReference; fileEncoding = 4; lastKnownFileType = sourcecode.c.h; name = nTox.h; path = "ProjectTox-Core/testing/nTox.h"; sourceTree = SOURCE_ROOT; };
		65E3E7FE17AA80DE000EB29B /* misc_tools.c */ = {isa = PBXFileReference; fileEncoding = 4; lastKnownFileType = sourcecode.c.c; name = misc_tools.c; path = "ProjectTox-Core/testing/misc_tools.c"; sourceTree = "<group>"; };
		65E3E7FF17AA80DE000EB29B /* misc_tools.h */ = {isa = PBXFileReference; fileEncoding = 4; lastKnownFileType = sourcecode.c.h; name = misc_tools.h; path = "ProjectTox-Core/testing/misc_tools.h"; sourceTree = "<group>"; };
		65E3E80117AA8135000EB29B /* libncurses.dylib */ = {isa = PBXFileReference; lastKnownFileType = "compiled.mach-o.dylib"; name = libncurses.dylib; path = usr/lib/libncurses.dylib; sourceTree = SDKROOT; };
		65E3E82617ABC99F000EB29B /* ToxCore.h */ = {isa = PBXFileReference; fileEncoding = 4; lastKnownFileType = sourcecode.c.h; path = ToxCore.h; sourceTree = "<group>"; };
		65E3E82717ABC99F000EB29B /* ToxCore.m */ = {isa = PBXFileReference; fileEncoding = 4; lastKnownFileType = sourcecode.c.objc; path = ToxCore.m; sourceTree = "<group>"; };
		65E3E82F17ABDE70000EB29B /* tox.icns */ = {isa = PBXFileReference; lastKnownFileType = image.icns; path = tox.icns; sourceTree = "<group>"; };
		65E3E83117AC9CEB000EB29B /* ToxFriendRequestWindowController.h */ = {isa = PBXFileReference; fileEncoding = 4; lastKnownFileType = sourcecode.c.h; path = ToxFriendRequestWindowController.h; sourceTree = "<group>"; };
		65E3E83217AC9CEB000EB29B /* ToxFriendRequestWindowController.m */ = {isa = PBXFileReference; fileEncoding = 4; lastKnownFileType = sourcecode.c.objc; path = ToxFriendRequestWindowController.m; sourceTree = "<group>"; };
		65E3E83317AC9CEB000EB29B /* ToxFriendRequest.xib */ = {isa = PBXFileReference; fileEncoding = 4; lastKnownFileType = file.xib; path = ToxFriendRequest.xib; sourceTree = "<group>"; };
		65E3E83717ADC29C000EB29B /* ToxController.h */ = {isa = PBXFileReference; fileEncoding = 4; lastKnownFileType = sourcecode.c.h; path = ToxController.h; sourceTree = "<group>"; };
		65E3E83817ADC29C000EB29B /* ToxController.m */ = {isa = PBXFileReference; fileEncoding = 4; lastKnownFileType = sourcecode.c.objc; path = ToxController.m; sourceTree = "<group>"; };
		65E3E83A17ADCD68000EB29B /* ToxFriend.h */ = {isa = PBXFileReference; fileEncoding = 4; lastKnownFileType = sourcecode.c.h; path = ToxFriend.h; sourceTree = "<group>"; };
		65E3E83B17ADCD68000EB29B /* ToxFriend.m */ = {isa = PBXFileReference; fileEncoding = 4; lastKnownFileType = sourcecode.c.objc; path = ToxFriend.m; sourceTree = "<group>"; };
		65E3E83D17AE1D41000EB29B /* ToxWelcomeWindowController.h */ = {isa = PBXFileReference; fileEncoding = 4; lastKnownFileType = sourcecode.c.h; path = ToxWelcomeWindowController.h; sourceTree = "<group>"; };
		65E3E83E17AE1D41000EB29B /* ToxWelcomeWindowController.m */ = {isa = PBXFileReference; fileEncoding = 4; lastKnownFileType = sourcecode.c.objc; path = ToxWelcomeWindowController.m; sourceTree = "<group>"; };
		65E3E83F17AE1D41000EB29B /* ToxWelcomeWindow.xib */ = {isa = PBXFileReference; fileEncoding = 4; lastKnownFileType = file.xib; path = ToxWelcomeWindow.xib; sourceTree = "<group>"; };
		65E3E84217AE2D05000EB29B /* ToxConversationWindowController.h */ = {isa = PBXFileReference; fileEncoding = 4; lastKnownFileType = sourcecode.c.h; path = ToxConversationWindowController.h; sourceTree = "<group>"; };
		65E3E84317AE2D05000EB29B /* ToxConversationWindowController.m */ = {isa = PBXFileReference; fileEncoding = 4; lastKnownFileType = sourcecode.c.objc; path = ToxConversationWindowController.m; sourceTree = "<group>"; };
		65E3E84417AE2D05000EB29B /* ToxConversationWindow.xib */ = {isa = PBXFileReference; fileEncoding = 4; lastKnownFileType = file.xib; path = ToxConversationWindow.xib; sourceTree = "<group>"; };
		65FF091A17B2232A00FA7877 /* emojify.min.css */ = {isa = PBXFileReference; fileEncoding = 4; lastKnownFileType = text.css; path = emojify.min.css; sourceTree = "<group>"; };
		65FF091B17B2232A00FA7877 /* emojify.min.js */ = {isa = PBXFileReference; fileEncoding = 4; lastKnownFileType = sourcecode.javascript; path = emojify.min.js; sourceTree = "<group>"; };
		82D318FE8A804A01AFB1A67B /* Pods.xcconfig */ = {isa = PBXFileReference; includeInIndex = 1; lastKnownFileType = text.xcconfig; name = Pods.xcconfig; path = Pods/Pods.xcconfig; sourceTree = SOURCE_ROOT; };
/* End PBXFileReference section */

/* Begin PBXFrameworksBuildPhase section */
		65C1274C17A75A2300F085EE /* Frameworks */ = {
			isa = PBXFrameworksBuildPhase;
			buildActionMask = 2147483647;
			files = (
				658D6DBE17AFCABF003F053F /* WebKit.framework in Frameworks */,
				65C1275317A75A2300F085EE /* Cocoa.framework in Frameworks */,
				098CCCEA1DC94F44A2D6CFFA /* libPods.a in Frameworks */,
			);
			runOnlyForDeploymentPostprocessing = 0;
		};
		65C1276B17A75A2300F085EE /* Frameworks */ = {
			isa = PBXFrameworksBuildPhase;
			buildActionMask = 2147483647;
			files = (
				65C1277117A75A2300F085EE /* SenTestingKit.framework in Frameworks */,
				65C1277217A75A2300F085EE /* Cocoa.framework in Frameworks */,
			);
			runOnlyForDeploymentPostprocessing = 0;
		};
		65E3E7E617AA7FEB000EB29B /* Frameworks */ = {
			isa = PBXFrameworksBuildPhase;
			buildActionMask = 2147483647;
			files = (
				65E3E80217AA8135000EB29B /* libncurses.dylib in Frameworks */,
				65E3E7FC17AA8039000EB29B /* libPods.a in Frameworks */,
			);
			runOnlyForDeploymentPostprocessing = 0;
		};
/* End PBXFrameworksBuildPhase section */

/* Begin PBXGroup section */
		658D6DB917AFACA1003F053F /* Conversation Window */ = {
			isa = PBXGroup;
			children = (
				65E3E84417AE2D05000EB29B /* ToxConversationWindow.xib */,
				65E3E84217AE2D05000EB29B /* ToxConversationWindowController.h */,
				65E3E84317AE2D05000EB29B /* ToxConversationWindowController.m */,
				65FF091A17B2232A00FA7877 /* emojify.min.css */,
				65FF091B17B2232A00FA7877 /* emojify.min.js */,
				658D6DBF17AFCC14003F053F /* conversation.html */,
				658D6DC117AFCC48003F053F /* conversation.js */,
				658D6DC317AFCC59003F053F /* conversation.css */,
			);
			name = "Conversation Window";
			sourceTree = "<group>";
		};
		658D6DC817AFDB8C003F053F /* Welcome Window */ = {
			isa = PBXGroup;
			children = (
				65E3E83F17AE1D41000EB29B /* ToxWelcomeWindow.xib */,
				65E3E83D17AE1D41000EB29B /* ToxWelcomeWindowController.h */,
				65E3E83E17AE1D41000EB29B /* ToxWelcomeWindowController.m */,
			);
			name = "Welcome Window";
			sourceTree = "<group>";
		};
		658D6DC917AFDBA4003F053F /* Friend Request Window */ = {
			isa = PBXGroup;
			children = (
				65E3E83317AC9CEB000EB29B /* ToxFriendRequest.xib */,
				65E3E83117AC9CEB000EB29B /* ToxFriendRequestWindowController.h */,
				65E3E83217AC9CEB000EB29B /* ToxFriendRequestWindowController.m */,
			);
			name = "Friend Request Window";
			sourceTree = "<group>";
		};
		65C1274617A75A2300F085EE = {
			isa = PBXGroup;
			children = (
				65E3E7CE17AA7D53000EB29B /* Project-TOX */,
				65C1275817A75A2300F085EE /* Bane */,
				65C1277517A75A2300F085EE /* BaseTests */,
				65C1275117A75A2300F085EE /* Frameworks */,
				65C1275017A75A2300F085EE /* Products */,
				82D318FE8A804A01AFB1A67B /* Pods.xcconfig */,
			);
			sourceTree = "<group>";
		};
		65C1275017A75A2300F085EE /* Products */ = {
			isa = PBXGroup;
			children = (
				65C1274F17A75A2300F085EE /* Bane.app */,
				65C1276F17A75A2300F085EE /* BaneTests.octest */,
				65E3E7E917AA7FEB000EB29B /* nTox */,
			);
			name = Products;
			sourceTree = "<group>";
		};
		65C1275117A75A2300F085EE /* Frameworks */ = {
			isa = PBXGroup;
			children = (
				19AEB1446C6744D3B3722C66 /* libPods.a */,
				65E3E80117AA8135000EB29B /* libncurses.dylib */,
				658D6DBD17AFCABF003F053F /* WebKit.framework */,
				65C1275217A75A2300F085EE /* Cocoa.framework */,
				65C1277017A75A2300F085EE /* SenTestingKit.framework */,
				65C1275417A75A2300F085EE /* Other Frameworks */,
			);
			name = Frameworks;
			sourceTree = "<group>";
		};
		65C1275417A75A2300F085EE /* Other Frameworks */ = {
			isa = PBXGroup;
			children = (
				65C1275517A75A2300F085EE /* AppKit.framework */,
				65C1275617A75A2300F085EE /* CoreData.framework */,
				65C1275717A75A2300F085EE /* Foundation.framework */,
			);
			name = "Other Frameworks";
			sourceTree = "<group>";
		};
		65C1275817A75A2300F085EE /* Bane */ = {
			isa = PBXGroup;
			children = (
				658D6DC917AFDBA4003F053F /* Friend Request Window */,
				658D6DC817AFDB8C003F053F /* Welcome Window */,
				658D6DB917AFACA1003F053F /* Conversation Window */,
				65C1276417A75A2300F085EE /* TAppDelegate.h */,
				65C1276517A75A2300F085EE /* TAppDelegate.m */,
				65E3E83A17ADCD68000EB29B /* ToxFriend.h */,
				65E3E83B17ADCD68000EB29B /* ToxFriend.m */,
				65E3E83717ADC29C000EB29B /* ToxController.h */,
				65E3E83817ADC29C000EB29B /* ToxController.m */,
				65E3E82617ABC99F000EB29B /* ToxCore.h */,
				65E3E82717ABC99F000EB29B /* ToxCore.m */,
				65E3E83617AC9CF7000EB29B /* Resources */,
				65C1275917A75A2300F085EE /* Supporting Files */,
			);
			name = Bane;
			path = TOX;
			sourceTree = "<group>";
		};
		65C1275917A75A2300F085EE /* Supporting Files */ = {
			isa = PBXGroup;
			children = (
				65C1275A17A75A2300F085EE /* Bane-Info.plist */,
				65C1275B17A75A2300F085EE /* InfoPlist.strings */,
				65C1275E17A75A2300F085EE /* main.m */,
				65C1276017A75A2300F085EE /* Bane-Prefix.pch */,
				65C1276117A75A2300F085EE /* Credits.rtf */,
			);
			name = "Supporting Files";
			sourceTree = "<group>";
		};
		65C1277517A75A2300F085EE /* BaseTests */ = {
			isa = PBXGroup;
			children = (
				65C1277B17A75A2300F085EE /* TOXTests.h */,
				65C1277C17A75A2300F085EE /* TOXTests.m */,
				65C1277617A75A2300F085EE /* Supporting Files */,
			);
			name = BaseTests;
			path = TOXTests;
			sourceTree = "<group>";
		};
		65C1277617A75A2300F085EE /* Supporting Files */ = {
			isa = PBXGroup;
			children = (
				65C1277717A75A2300F085EE /* BaneTests-Info.plist */,
				65C1277817A75A2300F085EE /* InfoPlist.strings */,
			);
			name = "Supporting Files";
			sourceTree = "<group>";
		};
		65E3E7CE17AA7D53000EB29B /* Project-TOX */ = {
			isa = PBXGroup;
			children = (
				65E3E7FD17AA80C9000EB29B /* tools */,
				65E3E7EA17AA7FEB000EB29B /* nTox */,
				65E3E7CF17AA7D5D000EB29B /* Core */,
			);
			name = "Project-TOX";
			sourceTree = "<group>";
		};
		65E3E7CF17AA7D5D000EB29B /* Core */ = {
			isa = PBXGroup;
			children = (
				654FE99717C96F3300E649B3 /* DHT.c */,
				654FE99817C96F3300E649B3 /* DHT.h */,
				654FE99917C96F3300E649B3 /* friend_requests.c */,
				654FE99A17C96F3300E649B3 /* friend_requests.h */,
				654FE99B17C96F3300E649B3 /* LAN_discovery.c */,
				654FE99C17C96F3300E649B3 /* LAN_discovery.h */,
				654FE99D17C96F3300E649B3 /* Lossless_UDP.c */,
				654FE99E17C96F3300E649B3 /* Lossless_UDP.h */,
				654FE99F17C96F3300E649B3 /* Messenger.c */,
				654FE9A017C96F3300E649B3 /* Messenger.h */,
				654FE9A117C96F3300E649B3 /* net_crypto.c */,
				654FE9A217C96F3300E649B3 /* net_crypto.h */,
				654FE9A317C96F3300E649B3 /* network.c */,
				654FE9A417C96F3300E649B3 /* network.h */,
				654FE9A517C96F3300E649B3 /* packets.h */,
				654FE9A617C96F3300E649B3 /* ping.c */,
				654FE9A717C96F3300E649B3 /* ping.h */,
				654FE9A817C96F3300E649B3 /* tox.c */,
				654FE9A917C96F3300E649B3 /* tox.h */,
				654FE9AA17C96F3300E649B3 /* util.c */,
				654FE9AB17C96F3300E649B3 /* util.h */,
			);
			name = Core;
			sourceTree = "<group>";
		};
		65E3E7EA17AA7FEB000EB29B /* nTox */ = {
			isa = PBXGroup;
			children = (
				65E3E7F217AA8018000EB29B /* nTox.c */,
				65E3E7F317AA8018000EB29B /* nTox.h */,
			);
			path = nTox;
			sourceTree = "<group>";
		};
		65E3E7FD17AA80C9000EB29B /* tools */ = {
			isa = PBXGroup;
			children = (
				65E3E7FE17AA80DE000EB29B /* misc_tools.c */,
				65E3E7FF17AA80DE000EB29B /* misc_tools.h */,
			);
			name = tools;
			sourceTree = "<group>";
		};
		65E3E83617AC9CF7000EB29B /* Resources */ = {
			isa = PBXGroup;
			children = (
				6589008317B12760002E9CA9 /* away.png */,
				65E3E82F17ABDE70000EB29B /* tox.icns */,
				652551C417AE0A2100C1FC5B /* offline.png */,
				652551C217AE09D300C1FC5B /* busy.png */,
				652551C017AE098F00C1FC5B /* online.png */,
				65C1276717A75A2300F085EE /* MainMenu.xib */,
				652551BE17AE047400C1FC5B /* Defaults.plist */,
			);
			name = Resources;
			sourceTree = "<group>";
		};
/* End PBXGroup section */

/* Begin PBXNativeTarget section */
		65C1274E17A75A2300F085EE /* Bane */ = {
			isa = PBXNativeTarget;
			buildConfigurationList = 65C1278017A75A2300F085EE /* Build configuration list for PBXNativeTarget "Bane" */;
			buildPhases = (
				0F05B66B17A2431BBB3DF101 /* Check Pods Manifest.lock */,
				65C1274B17A75A2300F085EE /* Sources */,
				65C1274C17A75A2300F085EE /* Frameworks */,
				65C1274D17A75A2300F085EE /* Resources */,
				8AED0E44AB064AEBA24F00E8 /* Copy Pods Resources */,
			);
			buildRules = (
			);
			dependencies = (
			);
			name = Bane;
			productName = TOX;
			productReference = 65C1274F17A75A2300F085EE /* Bane.app */;
			productType = "com.apple.product-type.application";
		};
		65C1276E17A75A2300F085EE /* BaneTests */ = {
			isa = PBXNativeTarget;
			buildConfigurationList = 65C1278317A75A2300F085EE /* Build configuration list for PBXNativeTarget "BaneTests" */;
			buildPhases = (
				65C1276A17A75A2300F085EE /* Sources */,
				65C1276B17A75A2300F085EE /* Frameworks */,
				65C1276C17A75A2300F085EE /* Resources */,
				65C1276D17A75A2300F085EE /* ShellScript */,
			);
			buildRules = (
			);
			dependencies = (
				65C1277417A75A2300F085EE /* PBXTargetDependency */,
			);
			name = BaneTests;
			productName = TOXTests;
			productReference = 65C1276F17A75A2300F085EE /* BaneTests.octest */;
			productType = "com.apple.product-type.bundle";
		};
		65E3E7E817AA7FEB000EB29B /* nTox */ = {
			isa = PBXNativeTarget;
			buildConfigurationList = 65E3E7F117AA7FEC000EB29B /* Build configuration list for PBXNativeTarget "nTox" */;
			buildPhases = (
				65E3E7E517AA7FEB000EB29B /* Sources */,
				65E3E7E617AA7FEB000EB29B /* Frameworks */,
				65E3E7E717AA7FEB000EB29B /* CopyFiles */,
			);
			buildRules = (
			);
			dependencies = (
			);
			name = nTox;
			productName = nTox;
			productReference = 65E3E7E917AA7FEB000EB29B /* nTox */;
			productType = "com.apple.product-type.tool";
		};
/* End PBXNativeTarget section */

/* Begin PBXProject section */
		65C1274717A75A2300F085EE /* Project object */ = {
			isa = PBXProject;
			attributes = {
				CLASSPREFIX = T;
				LastUpgradeCheck = 0460;
				ORGANIZATIONNAME = "Daniel Parnell";
			};
			buildConfigurationList = 65C1274A17A75A2300F085EE /* Build configuration list for PBXProject "Bane" */;
			compatibilityVersion = "Xcode 3.2";
			developmentRegion = English;
			hasScannedForEncodings = 0;
			knownRegions = (
				en,
			);
			mainGroup = 65C1274617A75A2300F085EE;
			productRefGroup = 65C1275017A75A2300F085EE /* Products */;
			projectDirPath = "";
			projectRoot = "";
			targets = (
				65C1274E17A75A2300F085EE /* Bane */,
				65C1276E17A75A2300F085EE /* BaneTests */,
				65E3E7E817AA7FEB000EB29B /* nTox */,
			);
		};
/* End PBXProject section */

/* Begin PBXResourcesBuildPhase section */
		65C1274D17A75A2300F085EE /* Resources */ = {
			isa = PBXResourcesBuildPhase;
			buildActionMask = 2147483647;
			files = (
				65FF091E17B2234D00FA7877 /* emojify.min.js in Resources */,
				65C1275D17A75A2300F085EE /* InfoPlist.strings in Resources */,
				65C1276317A75A2300F085EE /* Credits.rtf in Resources */,
				65C1276917A75A2300F085EE /* MainMenu.xib in Resources */,
				65E3E83017ABDE70000EB29B /* tox.icns in Resources */,
				65E3E83517AC9CEB000EB29B /* ToxFriendRequest.xib in Resources */,
				652551BF17AE047400C1FC5B /* Defaults.plist in Resources */,
				652551C117AE098F00C1FC5B /* online.png in Resources */,
				652551C317AE09D300C1FC5B /* busy.png in Resources */,
				652551C517AE0A2100C1FC5B /* offline.png in Resources */,
				65E3E84117AE1D41000EB29B /* ToxWelcomeWindow.xib in Resources */,
				65E3E84617AE2D06000EB29B /* ToxConversationWindow.xib in Resources */,
				658D6DC017AFCC14003F053F /* conversation.html in Resources */,
				658D6DC517AFD0ED003F053F /* conversation.js in Resources */,
				658D6DC417AFCC59003F053F /* conversation.css in Resources */,
				6589008417B12760002E9CA9 /* away.png in Resources */,
				65FF091C17B2232A00FA7877 /* emojify.min.css in Resources */,
			);
			runOnlyForDeploymentPostprocessing = 0;
		};
		65C1276C17A75A2300F085EE /* Resources */ = {
			isa = PBXResourcesBuildPhase;
			buildActionMask = 2147483647;
			files = (
				65C1277A17A75A2300F085EE /* InfoPlist.strings in Resources */,
			);
			runOnlyForDeploymentPostprocessing = 0;
		};
/* End PBXResourcesBuildPhase section */

/* Begin PBXShellScriptBuildPhase section */
		0F05B66B17A2431BBB3DF101 /* Check Pods Manifest.lock */ = {
			isa = PBXShellScriptBuildPhase;
			buildActionMask = 2147483647;
			files = (
			);
			inputPaths = (
			);
			name = "Check Pods Manifest.lock";
			outputPaths = (
			);
			runOnlyForDeploymentPostprocessing = 0;
			shellPath = /bin/sh;
			shellScript = "diff \"${PODS_ROOT}/../Podfile.lock\" \"${PODS_ROOT}/Manifest.lock\" > /dev/null\nif [[ $? != 0 ]] ; then\n    cat << EOM\nerror: The sandbox is not in sync with the Podfile.lock. Run 'pod install' or update your CocoaPods installation.\nEOM\n    exit 1\nfi\n";
			showEnvVarsInLog = 0;
		};
		65C1276D17A75A2300F085EE /* ShellScript */ = {
			isa = PBXShellScriptBuildPhase;
			buildActionMask = 2147483647;
			files = (
			);
			inputPaths = (
			);
			outputPaths = (
			);
			runOnlyForDeploymentPostprocessing = 0;
			shellPath = /bin/sh;
			shellScript = "# Run the unit tests in this test bundle.\n\"${SYSTEM_DEVELOPER_DIR}/Tools/RunUnitTests\"\n";
		};
		8AED0E44AB064AEBA24F00E8 /* Copy Pods Resources */ = {
			isa = PBXShellScriptBuildPhase;
			buildActionMask = 2147483647;
			files = (
			);
			inputPaths = (
			);
			name = "Copy Pods Resources";
			outputPaths = (
			);
			runOnlyForDeploymentPostprocessing = 0;
			shellPath = /bin/sh;
			shellScript = "\"${SRCROOT}/Pods/Pods-resources.sh\"\n";
			showEnvVarsInLog = 0;
		};
/* End PBXShellScriptBuildPhase section */

/* Begin PBXSourcesBuildPhase section */
		65C1274B17A75A2300F085EE /* Sources */ = {
			isa = PBXSourcesBuildPhase;
			buildActionMask = 2147483647;
			files = (
				65C1275F17A75A2300F085EE /* main.m in Sources */,
				65C1276617A75A2300F085EE /* TAppDelegate.m in Sources */,
				65E3E82817ABC99F000EB29B /* ToxCore.m in Sources */,
				65E3E83417AC9CEB000EB29B /* ToxFriendRequestWindowController.m in Sources */,
				65E3E83917ADC29C000EB29B /* ToxController.m in Sources */,
				65E3E83C17ADCD68000EB29B /* ToxFriend.m in Sources */,
				65E3E84017AE1D41000EB29B /* ToxWelcomeWindowController.m in Sources */,
				65E3E84517AE2D06000EB29B /* ToxConversationWindowController.m in Sources */,
				654FE9AC17C96F3300E649B3 /* DHT.c in Sources */,
				654FE9AE17C96F3300E649B3 /* friend_requests.c in Sources */,
				654FE9B017C96F3300E649B3 /* LAN_discovery.c in Sources */,
				654FE9B217C96F3300E649B3 /* Lossless_UDP.c in Sources */,
				654FE9B417C96F3300E649B3 /* Messenger.c in Sources */,
				654FE9B617C96F3300E649B3 /* net_crypto.c in Sources */,
				654FE9B817C96F3300E649B3 /* network.c in Sources */,
				654FE9BA17C96F3300E649B3 /* ping.c in Sources */,
				654FE9BC17C96F3300E649B3 /* tox.c in Sources */,
				654FE9BE17C96F3300E649B3 /* util.c in Sources */,
			);
			runOnlyForDeploymentPostprocessing = 0;
		};
		65C1276A17A75A2300F085EE /* Sources */ = {
			isa = PBXSourcesBuildPhase;
			buildActionMask = 2147483647;
			files = (
				65C1277D17A75A2300F085EE /* TOXTests.m in Sources */,
			);
			runOnlyForDeploymentPostprocessing = 0;
		};
		65E3E7E517AA7FEB000EB29B /* Sources */ = {
			isa = PBXSourcesBuildPhase;
			buildActionMask = 2147483647;
			files = (
				65E3E7F417AA8018000EB29B /* nTox.c in Sources */,
				65E3E80017AA80DE000EB29B /* misc_tools.c in Sources */,
				654FE9AD17C96F3300E649B3 /* DHT.c in Sources */,
				654FE9AF17C96F3300E649B3 /* friend_requests.c in Sources */,
				654FE9B117C96F3300E649B3 /* LAN_discovery.c in Sources */,
				654FE9B317C96F3300E649B3 /* Lossless_UDP.c in Sources */,
				654FE9B517C96F3300E649B3 /* Messenger.c in Sources */,
				654FE9B717C96F3300E649B3 /* net_crypto.c in Sources */,
				654FE9B917C96F3300E649B3 /* network.c in Sources */,
				654FE9BB17C96F3300E649B3 /* ping.c in Sources */,
				654FE9BD17C96F3300E649B3 /* tox.c in Sources */,
				654FE9BF17C96F3300E649B3 /* util.c in Sources */,
			);
			runOnlyForDeploymentPostprocessing = 0;
		};
/* End PBXSourcesBuildPhase section */

/* Begin PBXTargetDependency section */
		65C1277417A75A2300F085EE /* PBXTargetDependency */ = {
			isa = PBXTargetDependency;
			target = 65C1274E17A75A2300F085EE /* Bane */;
			targetProxy = 65C1277317A75A2300F085EE /* PBXContainerItemProxy */;
		};
/* End PBXTargetDependency section */

/* Begin PBXVariantGroup section */
		65C1275B17A75A2300F085EE /* InfoPlist.strings */ = {
			isa = PBXVariantGroup;
			children = (
				65C1275C17A75A2300F085EE /* en */,
			);
			name = InfoPlist.strings;
			sourceTree = "<group>";
		};
		65C1276117A75A2300F085EE /* Credits.rtf */ = {
			isa = PBXVariantGroup;
			children = (
				65C1276217A75A2300F085EE /* en */,
			);
			name = Credits.rtf;
			sourceTree = "<group>";
		};
		65C1276717A75A2300F085EE /* MainMenu.xib */ = {
			isa = PBXVariantGroup;
			children = (
				65C1276817A75A2300F085EE /* en */,
			);
			name = MainMenu.xib;
			sourceTree = "<group>";
		};
		65C1277817A75A2300F085EE /* InfoPlist.strings */ = {
			isa = PBXVariantGroup;
			children = (
				65C1277917A75A2300F085EE /* en */,
			);
			name = InfoPlist.strings;
			sourceTree = "<group>";
		};
/* End PBXVariantGroup section */

/* Begin XCBuildConfiguration section */
		65C1277E17A75A2300F085EE /* Debug */ = {
			isa = XCBuildConfiguration;
			buildSettings = {
				ALWAYS_SEARCH_USER_PATHS = NO;
				ARCHS = "$(ARCHS_STANDARD_64_BIT)";
				CLANG_CXX_LANGUAGE_STANDARD = "gnu++0x";
				CLANG_CXX_LIBRARY = "libc++";
				CLANG_ENABLE_OBJC_ARC = YES;
				CLANG_WARN_CONSTANT_CONVERSION = YES;
				CLANG_WARN_EMPTY_BODY = YES;
				CLANG_WARN_ENUM_CONVERSION = YES;
				CLANG_WARN_INT_CONVERSION = YES;
				CLANG_WARN__DUPLICATE_METHOD_MATCH = YES;
				CODE_SIGN_IDENTITY = "Developer ID Application: Automagic Software Pty Ltd";
				COPY_PHASE_STRIP = NO;
				GCC_C_LANGUAGE_STANDARD = gnu99;
				GCC_DYNAMIC_NO_PIC = NO;
				GCC_ENABLE_OBJC_EXCEPTIONS = YES;
				GCC_OPTIMIZATION_LEVEL = 0;
				GCC_PREPROCESSOR_DEFINITIONS = "$(inherited)";
				GCC_SYMBOLS_PRIVATE_EXTERN = NO;
				GCC_WARN_64_TO_32_BIT_CONVERSION = YES;
				GCC_WARN_ABOUT_RETURN_TYPE = YES;
				GCC_WARN_UNINITIALIZED_AUTOS = YES;
				GCC_WARN_UNUSED_VARIABLE = YES;
				HEADER_SEARCH_PATHS = "${SRCROOT}/Pods/**";
				MACOSX_DEPLOYMENT_TARGET = 10.8;
				ONLY_ACTIVE_ARCH = YES;
				PROVISIONING_PROFILE = "";
				SDKROOT = macosx;
			};
			name = Debug;
		};
		65C1277F17A75A2300F085EE /* Release */ = {
			isa = XCBuildConfiguration;
			buildSettings = {
				ALWAYS_SEARCH_USER_PATHS = NO;
				ARCHS = "$(ARCHS_STANDARD_64_BIT)";
				CLANG_CXX_LANGUAGE_STANDARD = "gnu++0x";
				CLANG_CXX_LIBRARY = "libc++";
				CLANG_ENABLE_OBJC_ARC = YES;
				CLANG_WARN_CONSTANT_CONVERSION = YES;
				CLANG_WARN_EMPTY_BODY = YES;
				CLANG_WARN_ENUM_CONVERSION = YES;
				CLANG_WARN_INT_CONVERSION = YES;
				CLANG_WARN__DUPLICATE_METHOD_MATCH = YES;
				CODE_SIGN_IDENTITY = "Developer ID Application: Automagic Software Pty Ltd";
				COPY_PHASE_STRIP = YES;
				DEBUG_INFORMATION_FORMAT = "dwarf-with-dsym";
				GCC_C_LANGUAGE_STANDARD = gnu99;
				GCC_ENABLE_OBJC_EXCEPTIONS = YES;
				GCC_WARN_64_TO_32_BIT_CONVERSION = YES;
				GCC_WARN_ABOUT_RETURN_TYPE = YES;
				GCC_WARN_UNINITIALIZED_AUTOS = YES;
				GCC_WARN_UNUSED_VARIABLE = YES;
				HEADER_SEARCH_PATHS = "${SRCROOT}/Pods/**";
				MACOSX_DEPLOYMENT_TARGET = 10.8;
				PROVISIONING_PROFILE = "";
				SDKROOT = macosx;
			};
			name = Release;
		};
		65C1278117A75A2300F085EE /* Debug */ = {
			isa = XCBuildConfiguration;
			baseConfigurationReference = 82D318FE8A804A01AFB1A67B /* Pods.xcconfig */;
			buildSettings = {
				COMBINE_HIDPI_IMAGES = YES;
				GCC_PRECOMPILE_PREFIX_HEADER = YES;
				GCC_PREFIX_HEADER = "TOX/Bane-Prefix.pch";
				INFOPLIST_FILE = "TOX/Bane-Info.plist";
				MACOSX_DEPLOYMENT_TARGET = 10.6;
				PRODUCT_NAME = "$(TARGET_NAME)";
				WRAPPER_EXTENSION = app;
			};
			name = Debug;
		};
		65C1278217A75A2300F085EE /* Release */ = {
			isa = XCBuildConfiguration;
			baseConfigurationReference = 82D318FE8A804A01AFB1A67B /* Pods.xcconfig */;
			buildSettings = {
				COMBINE_HIDPI_IMAGES = YES;
				GCC_PRECOMPILE_PREFIX_HEADER = YES;
				GCC_PREFIX_HEADER = "TOX/Bane-Prefix.pch";
				INFOPLIST_FILE = "TOX/Bane-Info.plist";
				MACOSX_DEPLOYMENT_TARGET = 10.6;
				PRODUCT_NAME = "$(TARGET_NAME)";
				WRAPPER_EXTENSION = app;
			};
			name = Release;
		};
		65C1278417A75A2300F085EE /* Debug */ = {
			isa = XCBuildConfiguration;
			buildSettings = {
				BUNDLE_LOADER = "$(BUILT_PRODUCTS_DIR)/TOX.app/Contents/MacOS/TOX";
				COMBINE_HIDPI_IMAGES = YES;
				FRAMEWORK_SEARCH_PATHS = "\"$(DEVELOPER_LIBRARY_DIR)/Frameworks\"";
				GCC_PRECOMPILE_PREFIX_HEADER = YES;
				GCC_PREFIX_HEADER = "TOX/TOX-Prefix.pch";
				INFOPLIST_FILE = "TOXTests/BaneTests-Info.plist";
				PRODUCT_NAME = BaneTests;
				TEST_HOST = "$(BUNDLE_LOADER)";
				WRAPPER_EXTENSION = octest;
			};
			name = Debug;
		};
		65C1278517A75A2300F085EE /* Release */ = {
			isa = XCBuildConfiguration;
			buildSettings = {
				BUNDLE_LOADER = "$(BUILT_PRODUCTS_DIR)/TOX.app/Contents/MacOS/TOX";
				COMBINE_HIDPI_IMAGES = YES;
				FRAMEWORK_SEARCH_PATHS = "\"$(DEVELOPER_LIBRARY_DIR)/Frameworks\"";
				GCC_PRECOMPILE_PREFIX_HEADER = YES;
				GCC_PREFIX_HEADER = "TOX/TOX-Prefix.pch";
				INFOPLIST_FILE = "TOXTests/BaneTests-Info.plist";
				PRODUCT_NAME = BaneTests;
				TEST_HOST = "$(BUNDLE_LOADER)";
				WRAPPER_EXTENSION = octest;
			};
			name = Release;
		};
		65E3E7EF17AA7FEC000EB29B /* Debug */ = {
			isa = XCBuildConfiguration;
			buildSettings = {
				GCC_PREPROCESSOR_DEFINITIONS = "";
				PRODUCT_NAME = "$(TARGET_NAME)";
			};
			name = Debug;
		};
		65E3E7F017AA7FEC000EB29B /* Release */ = {
			isa = XCBuildConfiguration;
			buildSettings = {
				PRODUCT_NAME = "$(TARGET_NAME)";
			};
			name = Release;
		};
/* End XCBuildConfiguration section */

/* Begin XCConfigurationList section */
		65C1274A17A75A2300F085EE /* Build configuration list for PBXProject "Bane" */ = {
			isa = XCConfigurationList;
			buildConfigurations = (
				65C1277E17A75A2300F085EE /* Debug */,
				65C1277F17A75A2300F085EE /* Release */,
			);
			defaultConfigurationIsVisible = 0;
			defaultConfigurationName = Release;
		};
		65C1278017A75A2300F085EE /* Build configuration list for PBXNativeTarget "Bane" */ = {
			isa = XCConfigurationList;
			buildConfigurations = (
				65C1278117A75A2300F085EE /* Debug */,
				65C1278217A75A2300F085EE /* Release */,
			);
			defaultConfigurationIsVisible = 0;
			defaultConfigurationName = Release;
		};
		65C1278317A75A2300F085EE /* Build configuration list for PBXNativeTarget "BaneTests" */ = {
			isa = XCConfigurationList;
			buildConfigurations = (
				65C1278417A75A2300F085EE /* Debug */,
				65C1278517A75A2300F085EE /* Release */,
			);
			defaultConfigurationIsVisible = 0;
			defaultConfigurationName = Release;
		};
		65E3E7F117AA7FEC000EB29B /* Build configuration list for PBXNativeTarget "nTox" */ = {
			isa = XCConfigurationList;
			buildConfigurations = (
				65E3E7EF17AA7FEC000EB29B /* Debug */,
				65E3E7F017AA7FEC000EB29B /* Release */,
			);
			defaultConfigurationIsVisible = 0;
			defaultConfigurationName = Release;
		};
/* End XCConfigurationList section */
	};
	rootObject = 65C1274717A75A2300F085EE /* Project object */;
}
